
Microsoft Visual Studio Solution File, Format Version 12.00
# Visual Studio Version 17
VisualStudioVersion = 17.5.33530.505
MinimumVisualStudioVersion = 10.0.40219.1
Project("{FAE04EC0-301F-11D3-BF4B-00C04F79EFBC}") = "Taschenrechner", "Taschenrechner.csproj", "{604F555D-A445-4BAF-BE94-B438109EF6CD}"
EndProject
Global
	GlobalSection(SolutionConfigurationPlatforms) = preSolution
		Debug|Any CPU = Debug|Any CPU
		Release|Any CPU = Release|Any CPU
	EndGlobalSection
	GlobalSection(ProjectConfigurationPlatforms) = postSolution
		{604F555D-A445-4BAF-BE94-B438109EF6CD}.Debug|Any CPU.ActiveCfg = Debug|Any CPU
		{604F555D-A445-4BAF-BE94-B438109EF6CD}.Debug|Any CPU.Build.0 = Debug|Any CPU
		{604F555D-A445-4BAF-BE94-B438109EF6CD}.Release|Any CPU.ActiveCfg = Release|Any CPU
		{604F555D-A445-4BAF-BE94-B438109EF6CD}.Release|Any CPU.Build.0 = Release|Any CPU
	EndGlobalSection
	GlobalSection(SolutionProperties) = preSolution
		HideSolutionNode = FALSE
	EndGlobalSection
	GlobalSection(ExtensibilityGlobals) = postSolution
		SolutionGuid = {F188A932-5A40-48A9-878E-C8B521BB417F}
	EndGlobalSection
EndGlobal
